
Microsoft Visual Studio Solution File, Format Version 12.00
# Visual Studio Version 17
VisualStudioVersion = 17.9.34728.123
MinimumVisualStudioVersion = 10.0.40219.1
Project("{8BC9CEB8-8B4A-11D0-8D11-00A0C91BC942}") = "MT_1_2", "MT_1_2.vcxproj", "{BBD3F977-A11E-426E-856F-1F8990022079}"
EndProject
Global
	GlobalSection(SolutionConfigurationPlatforms) = preSolution
		Debug|x64 = Debug|x64
		Release|x64 = Release|x64
	EndGlobalSection
	GlobalSection(ProjectConfigurationPlatforms) = postSolution
		{BBD3F977-A11E-426E-856F-1F8990022079}.Debug|x64.ActiveCfg = Debug|x64
		{BBD3F977-A11E-426E-856F-1F8990022079}.Debug|x64.Build.0 = Debug|x64
		{BBD3F977-A11E-426E-856F-1F8990022079}.Release|x64.ActiveCfg = Release|x64
		{BBD3F977-A11E-426E-856F-1F8990022079}.Release|x64.Build.0 = Release|x64
	EndGlobalSection
	GlobalSection(SolutionProperties) = preSolution
		HideSolutionNode = FALSE
	EndGlobalSection
	GlobalSection(ExtensibilityGlobals) = postSolution
		SolutionGuid = {775061A7-E120-4F00-8DB6-69C35C13808C}
	EndGlobalSection
EndGlobal
